// !$*UTF8*$!
{archiveVersion = 1; classes = {}; objectVersion = 56; objects = {
9B5690D8FD6B1DDA523DA0DA = {isa = XCRemoteSwiftPackageReference; repositoryURL = "https://github.com/sqlcipher/SQLCipher.swift.git"; requirement = {kind = exactVersion; version = 4.19.0;};};
D70A1169C78D9E6B1FDBDFB9 = {isa = XCSwiftPackageProductDependency; package = 9B5690D8FD6B1DDA523DA0DA; productName = SQLCipher;};
EDB87FDEA1D89E2976FA7C68 = {isa = PBXFileReference; lastKnownFileType = sourcecode.swift; path = "API.swift"; sourceTree = "<group>";};
62F5ED9990E04DC8E7BD6F99 = {isa = PBXBuildFile; fileRef = EDB87FDEA1D89E2976FA7C68;};
ADC74E5F5C019B1AB3772C78 = {isa = PBXFileReference; lastKnownFileType = sourcecode.swift; path = "FieldCRMApp.swift"; sourceTree = "<group>";};
19CCDEEDF7904CFC3A0B1495 = {isa = PBXBuildFile; fileRef = ADC74E5F5C019B1AB3772C78;};
9097C8CC38FD3334CB082DC4 = {isa = PBXFileReference; lastKnownFileType = sourcecode.swift; path = "FieldModel.swift"; sourceTree = "<group>";};
3CD81F6AF5D1DD3C563813B6 = {isa = PBXBuildFile; fileRef = 9097C8CC38FD3334CB082DC4;};
62058D3404DAA6A54137CFC7 = {isa = PBXFileReference; lastKnownFileType = sourcecode.swift; path = "LocalStore.swift"; sourceTree = "<group>";};
24BAB0F54D4EDECB2706B245 = {isa = PBXBuildFile; fileRef = 62058D3404DAA6A54137CFC7;};
514701509BCFC0FE301461E7 = {isa = PBXFileReference; lastKnownFileType = sourcecode.swift; path = "Protocol.swift"; sourceTree = "<group>";};
639C4D8C0D1667165467AE79 = {isa = PBXBuildFile; fileRef = 514701509BCFC0FE301461E7;};
22819ACB3228C3C9015CBA3C = {isa = PBXFileReference; lastKnownFileType = sourcecode.swift; path = "SecureStorage.swift"; sourceTree = "<group>";};
CB8ABFAE2BC09DBFB4AF901D = {isa = PBXBuildFile; fileRef = 22819ACB3228C3C9015CBA3C;};
45D43594BA10E9C88C8245AB = {isa = PBXGroup; children = (EDB87FDEA1D89E2976FA7C68, ADC74E5F5C019B1AB3772C78, 9097C8CC38FD3334CB082DC4, 62058D3404DAA6A54137CFC7, 514701509BCFC0FE301461E7, 22819ACB3228C3C9015CBA3C,); path = FieldCRM; sourceTree = "<group>";};
4D77F8B7050585BE90391D28 = {isa = PBXFileReference; explicitFileType = wrapper.application; path = FieldCRM.app; sourceTree = BUILT_PRODUCTS_DIR;};
361688EEC5A6029FBEDA7E93 = {isa = PBXSourcesBuildPhase; buildActionMask = 2147483647; files = (62F5ED9990E04DC8E7BD6F99, 19CCDEEDF7904CFC3A0B1495, 3CD81F6AF5D1DD3C563813B6, 24BAB0F54D4EDECB2706B245, 639C4D8C0D1667165467AE79, CB8ABFAE2BC09DBFB4AF901D,); runOnlyForDeploymentPostprocessing = 0;};
CB03344B26AA362245968672 = {isa = PBXBuildFile; productRef = D70A1169C78D9E6B1FDBDFB9;};
CCE82325D37D66A20E476597 = {isa = PBXFrameworksBuildPhase; buildActionMask = 2147483647; files = (CB03344B26AA362245968672,); runOnlyForDeploymentPostprocessing = 0;};
893F94CBD1FB650B0593373F = {isa = PBXResourcesBuildPhase; buildActionMask = 2147483647; files = (); runOnlyForDeploymentPostprocessing = 0;};
55097280BBB8258B7E64D473 = {isa = XCBuildConfiguration; name = Debug; buildSettings = {"PRODUCT_NAME" = "$(TARGET_NAME)";"PRODUCT_BUNDLE_IDENTIFIER" = "dev.crm.FieldCRM";"SWIFT_VERSION" = "5.0";"IPHONEOS_DEPLOYMENT_TARGET" = "17.0";"TARGETED_DEVICE_FAMILY" = "1,2";"SDKROOT" = "iphoneos";"SUPPORTED_PLATFORMS" = "iphoneos iphonesimulator";"CODE_SIGN_STYLE" = "Automatic";"DEVELOPMENT_TEAM" = "";"OTHER_SWIFT_FLAGS" = "$(inherited) -Xcc -DSQLITE_HAS_CODEC=1";"GCC_PREPROCESSOR_DEFINITIONS" = "$(inherited) SQLITE_HAS_CODEC=1";"GENERATE_INFOPLIST_FILE" = "NO";"LD_RUNPATH_SEARCH_PATHS" = "$(inherited) @executable_path/Frameworks @loader_path/Frameworks";"SWIFT_EMIT_LOC_STRINGS" = "NO";"CURRENT_PROJECT_VERSION" = "1";"MARKETING_VERSION" = "0.1.0";"SWIFT_OPTIMIZATION_LEVEL" = "-Onone";"SWIFT_ACTIVE_COMPILATION_CONDITIONS" = "DEBUG $(inherited)";"ENABLE_TESTABILITY" = "YES";"INFOPLIST_FILE" = "FieldCRM/Info.Debug.plist";};};
BC0C1836C3A37DD722D888D5 = {isa = XCBuildConfiguration; name = Release; buildSettings = {"PRODUCT_NAME" = "$(TARGET_NAME)";"PRODUCT_BUNDLE_IDENTIFIER" = "dev.crm.FieldCRM";"SWIFT_VERSION" = "5.0";"IPHONEOS_DEPLOYMENT_TARGET" = "17.0";"TARGETED_DEVICE_FAMILY" = "1,2";"SDKROOT" = "iphoneos";"SUPPORTED_PLATFORMS" = "iphoneos iphonesimulator";"CODE_SIGN_STYLE" = "Automatic";"DEVELOPMENT_TEAM" = "";"OTHER_SWIFT_FLAGS" = "$(inherited) -Xcc -DSQLITE_HAS_CODEC=1";"GCC_PREPROCESSOR_DEFINITIONS" = "$(inherited) SQLITE_HAS_CODEC=1";"GENERATE_INFOPLIST_FILE" = "NO";"LD_RUNPATH_SEARCH_PATHS" = "$(inherited) @executable_path/Frameworks @loader_path/Frameworks";"SWIFT_EMIT_LOC_STRINGS" = "NO";"CURRENT_PROJECT_VERSION" = "1";"MARKETING_VERSION" = "0.1.0";"SWIFT_OPTIMIZATION_LEVEL" = "-O";"SWIFT_ACTIVE_COMPILATION_CONDITIONS" = "$(inherited)";"ENABLE_TESTABILITY" = "NO";"INFOPLIST_FILE" = "FieldCRM/Info.plist";};};
E58043EA3DACCCD96DA8AA88 = {isa = XCConfigurationList; buildConfigurations = (55097280BBB8258B7E64D473, BC0C1836C3A37DD722D888D5,); defaultConfigurationIsVisible = 0; defaultConfigurationName = Release;};
23306CA6AF7864223920EA8A = {isa = PBXNativeTarget; buildConfigurationList = E58043EA3DACCCD96DA8AA88; buildPhases = (361688EEC5A6029FBEDA7E93, CCE82325D37D66A20E476597, 893F94CBD1FB650B0593373F,); buildRules = (); dependencies = (); name = FieldCRM; productName = FieldCRM; productReference = 4D77F8B7050585BE90391D28; productType = "com.apple.product-type.application"; packageProductDependencies = (D70A1169C78D9E6B1FDBDFB9,);};
6F0BF9398D5AD0781395F417 = {isa = PBXFileReference; lastKnownFileType = sourcecode.swift; path = "LiveAPITests.swift"; sourceTree = "<group>";};
B299C8FF4FC2AE16035B828E = {isa = PBXBuildFile; fileRef = 6F0BF9398D5AD0781395F417;};
EAA7CB9B5E7218165EE22370 = {isa = PBXFileReference; lastKnownFileType = sourcecode.swift; path = "ModelTests.swift"; sourceTree = "<group>";};
80A71FC0CBE482D125428B0B = {isa = PBXBuildFile; fileRef = EAA7CB9B5E7218165EE22370;};
2C23ADDD6AEF633D7A313B24 = {isa = PBXFileReference; lastKnownFileType = sourcecode.swift; path = "StorageTests.swift"; sourceTree = "<group>";};
8E4491E04DF4E56CB5A6801B = {isa = PBXBuildFile; fileRef = 2C23ADDD6AEF633D7A313B24;};
83910EB6C7B5DA86D8A60CB4 = {isa = PBXGroup; children = (6F0BF9398D5AD0781395F417, EAA7CB9B5E7218165EE22370, 2C23ADDD6AEF633D7A313B24,); path = FieldCRMTests; sourceTree = "<group>";};
5F019D62B12145D59955B691 = {isa = PBXFileReference; explicitFileType = wrapper.cfbundle; path = FieldCRMTests.xctest; sourceTree = BUILT_PRODUCTS_DIR;};
43B87B2E74F69BE4CB41C649 = {isa = PBXSourcesBuildPhase; buildActionMask = 2147483647; files = (B299C8FF4FC2AE16035B828E, 80A71FC0CBE482D125428B0B, 8E4491E04DF4E56CB5A6801B,); runOnlyForDeploymentPostprocessing = 0;};
48A0CE995C8E26C6247172CD = {isa = PBXBuildFile; productRef = D70A1169C78D9E6B1FDBDFB9;};
6ED7ED88F1646DC102A63B16 = {isa = PBXFrameworksBuildPhase; buildActionMask = 2147483647; files = (48A0CE995C8E26C6247172CD,); runOnlyForDeploymentPostprocessing = 0;};
5B4818F81C7256E686BA2E05 = {isa = PBXFileReference; lastKnownFileType = folder; path = ../mobile/contracts; sourceTree = SOURCE_ROOT;};
FF69530A024A160084203937 = {isa = PBXBuildFile; fileRef = 5B4818F81C7256E686BA2E05;};
8C7A96462394AC5455B12ED5 = {isa = PBXResourcesBuildPhase; buildActionMask = 2147483647; files = (FF69530A024A160084203937,); runOnlyForDeploymentPostprocessing = 0;};
C117D6D11360EF0150D16ADC = {isa = PBXTargetDependency; target = 23306CA6AF7864223920EA8A;};
CE3A0DDEF854F3ED9A0AE72E = {isa = XCBuildConfiguration; name = Debug; buildSettings = {"PRODUCT_NAME" = "$(TARGET_NAME)";"PRODUCT_BUNDLE_IDENTIFIER" = "dev.crm.FieldCRMTests";"SWIFT_VERSION" = "5.0";"IPHONEOS_DEPLOYMENT_TARGET" = "17.0";"TARGETED_DEVICE_FAMILY" = "1,2";"SDKROOT" = "iphoneos";"SUPPORTED_PLATFORMS" = "iphoneos iphonesimulator";"CODE_SIGN_STYLE" = "Automatic";"DEVELOPMENT_TEAM" = "";"OTHER_SWIFT_FLAGS" = "$(inherited) -Xcc -DSQLITE_HAS_CODEC=1";"GCC_PREPROCESSOR_DEFINITIONS" = "$(inherited) SQLITE_HAS_CODEC=1";"GENERATE_INFOPLIST_FILE" = "YES";"LD_RUNPATH_SEARCH_PATHS" = "$(inherited) @executable_path/Frameworks @loader_path/Frameworks";"SWIFT_EMIT_LOC_STRINGS" = "NO";"TEST_TARGET_NAME" = "FieldCRM";"TEST_HOST" = "$(BUILT_PRODUCTS_DIR)/FieldCRM.app/$(BUNDLE_EXECUTABLE_FOLDER_PATH)/FieldCRM";"BUNDLE_LOADER" = "$(TEST_HOST)";"SWIFT_OPTIMIZATION_LEVEL" = "-Onone";"SWIFT_ACTIVE_COMPILATION_CONDITIONS" = "DEBUG $(inherited)";"ENABLE_TESTABILITY" = "YES";};};
662274131D57BE579E4A1E8D = {isa = XCBuildConfiguration; name = Release; buildSettings = {"PRODUCT_NAME" = "$(TARGET_NAME)";"PRODUCT_BUNDLE_IDENTIFIER" = "dev.crm.FieldCRMTests";"SWIFT_VERSION" = "5.0";"IPHONEOS_DEPLOYMENT_TARGET" = "17.0";"TARGETED_DEVICE_FAMILY" = "1,2";"SDKROOT" = "iphoneos";"SUPPORTED_PLATFORMS" = "iphoneos iphonesimulator";"CODE_SIGN_STYLE" = "Automatic";"DEVELOPMENT_TEAM" = "";"OTHER_SWIFT_FLAGS" = "$(inherited) -Xcc -DSQLITE_HAS_CODEC=1";"GCC_PREPROCESSOR_DEFINITIONS" = "$(inherited) SQLITE_HAS_CODEC=1";"GENERATE_INFOPLIST_FILE" = "YES";"LD_RUNPATH_SEARCH_PATHS" = "$(inherited) @executable_path/Frameworks @loader_path/Frameworks";"SWIFT_EMIT_LOC_STRINGS" = "NO";"TEST_TARGET_NAME" = "FieldCRM";"TEST_HOST" = "$(BUILT_PRODUCTS_DIR)/FieldCRM.app/$(BUNDLE_EXECUTABLE_FOLDER_PATH)/FieldCRM";"BUNDLE_LOADER" = "$(TEST_HOST)";"SWIFT_OPTIMIZATION_LEVEL" = "-O";"SWIFT_ACTIVE_COMPILATION_CONDITIONS" = "$(inherited)";"ENABLE_TESTABILITY" = "NO";};};
3FC4EA6AEDFF21029BF6A930 = {isa = XCConfigurationList; buildConfigurations = (CE3A0DDEF854F3ED9A0AE72E, 662274131D57BE579E4A1E8D,); defaultConfigurationIsVisible = 0; defaultConfigurationName = Release;};
28C41055EB2BD23AC0B07D3B = {isa = PBXNativeTarget; buildConfigurationList = 3FC4EA6AEDFF21029BF6A930; buildPhases = (43B87B2E74F69BE4CB41C649, 6ED7ED88F1646DC102A63B16, 8C7A96462394AC5455B12ED5,); buildRules = (); dependencies = (C117D6D11360EF0150D16ADC,); name = FieldCRMTests; productName = FieldCRMTests; productReference = 5F019D62B12145D59955B691; productType = "com.apple.product-type.bundle.unit-test"; packageProductDependencies = (D70A1169C78D9E6B1FDBDFB9,);};
936C2501A31FF65A21F2D37F = {isa = PBXFileReference; lastKnownFileType = sourcecode.swift; path = "FieldFlowTests.swift"; sourceTree = "<group>";};
BA17562805FABA4E72B8E650 = {isa = PBXBuildFile; fileRef = 936C2501A31FF65A21F2D37F;};
1CF3C3D248F7A1FD56154AF2 = {isa = PBXGroup; children = (936C2501A31FF65A21F2D37F,); path = FieldCRMUITests; sourceTree = "<group>";};
45C570C715B30F2B7106170F = {isa = PBXFileReference; explicitFileType = wrapper.cfbundle; path = FieldCRMUITests.xctest; sourceTree = BUILT_PRODUCTS_DIR;};
33817ACCA1CAE1BBCBC4C94E = {isa = PBXSourcesBuildPhase; buildActionMask = 2147483647; files = (BA17562805FABA4E72B8E650,); runOnlyForDeploymentPostprocessing = 0;};
F04D006E6C21C9889A8466FE = {isa = PBXFrameworksBuildPhase; buildActionMask = 2147483647; files = (); runOnlyForDeploymentPostprocessing = 0;};
7AC5A83E195F3894D3DA9CA5 = {isa = PBXResourcesBuildPhase; buildActionMask = 2147483647; files = (); runOnlyForDeploymentPostprocessing = 0;};
09921F3C5D4FFF94C6CB3249 = {isa = PBXTargetDependency; target = 23306CA6AF7864223920EA8A;};
F35E24490975B29F17DA0611 = {isa = XCBuildConfiguration; name = Debug; buildSettings = {"PRODUCT_NAME" = "$(TARGET_NAME)";"PRODUCT_BUNDLE_IDENTIFIER" = "dev.crm.FieldCRMUITests";"SWIFT_VERSION" = "5.0";"IPHONEOS_DEPLOYMENT_TARGET" = "17.0";"TARGETED_DEVICE_FAMILY" = "1,2";"SDKROOT" = "iphoneos";"SUPPORTED_PLATFORMS" = "iphoneos iphonesimulator";"CODE_SIGN_STYLE" = "Automatic";"DEVELOPMENT_TEAM" = "";"OTHER_SWIFT_FLAGS" = "$(inherited) -Xcc -DSQLITE_HAS_CODEC=1";"GCC_PREPROCESSOR_DEFINITIONS" = "$(inherited) SQLITE_HAS_CODEC=1";"GENERATE_INFOPLIST_FILE" = "YES";"LD_RUNPATH_SEARCH_PATHS" = "$(inherited) @executable_path/Frameworks @loader_path/Frameworks";"SWIFT_EMIT_LOC_STRINGS" = "NO";"TEST_TARGET_NAME" = "FieldCRM";"SWIFT_OPTIMIZATION_LEVEL" = "-Onone";"SWIFT_ACTIVE_COMPILATION_CONDITIONS" = "DEBUG $(inherited)";"ENABLE_TESTABILITY" = "YES";};};
E3B4AE703E72C9589B3CEFFB = {isa = XCBuildConfiguration; name = Release; buildSettings = {"PRODUCT_NAME" = "$(TARGET_NAME)";"PRODUCT_BUNDLE_IDENTIFIER" = "dev.crm.FieldCRMUITests";"SWIFT_VERSION" = "5.0";"IPHONEOS_DEPLOYMENT_TARGET" = "17.0";"TARGETED_DEVICE_FAMILY" = "1,2";"SDKROOT" = "iphoneos";"SUPPORTED_PLATFORMS" = "iphoneos iphonesimulator";"CODE_SIGN_STYLE" = "Automatic";"DEVELOPMENT_TEAM" = "";"OTHER_SWIFT_FLAGS" = "$(inherited) -Xcc -DSQLITE_HAS_CODEC=1";"GCC_PREPROCESSOR_DEFINITIONS" = "$(inherited) SQLITE_HAS_CODEC=1";"GENERATE_INFOPLIST_FILE" = "YES";"LD_RUNPATH_SEARCH_PATHS" = "$(inherited) @executable_path/Frameworks @loader_path/Frameworks";"SWIFT_EMIT_LOC_STRINGS" = "NO";"TEST_TARGET_NAME" = "FieldCRM";"SWIFT_OPTIMIZATION_LEVEL" = "-O";"SWIFT_ACTIVE_COMPILATION_CONDITIONS" = "$(inherited)";"ENABLE_TESTABILITY" = "NO";};};
B28B000A2274AF8E194BC6C4 = {isa = XCConfigurationList; buildConfigurations = (F35E24490975B29F17DA0611, E3B4AE703E72C9589B3CEFFB,); defaultConfigurationIsVisible = 0; defaultConfigurationName = Release;};
A9EF0A9DC1D58769BED0E58B = {isa = PBXNativeTarget; buildConfigurationList = B28B000A2274AF8E194BC6C4; buildPhases = (33817ACCA1CAE1BBCBC4C94E, F04D006E6C21C9889A8466FE, 7AC5A83E195F3894D3DA9CA5,); buildRules = (); dependencies = (09921F3C5D4FFF94C6CB3249,); name = FieldCRMUITests; productName = FieldCRMUITests; productReference = 45C570C715B30F2B7106170F; productType = "com.apple.product-type.bundle.ui-testing"; packageProductDependencies = ();};
0A3E27B8CA818264D75C8D81 = {isa = PBXGroup; children = (4D77F8B7050585BE90391D28, 5F019D62B12145D59955B691, 45C570C715B30F2B7106170F,); name = Products; sourceTree = "<group>";};
0D6E4079E36703EBD37C0072 = {isa = PBXGroup; children = (45D43594BA10E9C88C8245AB, 83910EB6C7B5DA86D8A60CB4, 1CF3C3D248F7A1FD56154AF2, 0A3E27B8CA818264D75C8D81,); sourceTree = "<group>";};
73EBF6644258C120893E685D = {isa = XCBuildConfiguration; name = Debug; buildSettings = {"CLANG_ENABLE_MODULES" = "YES";"CLANG_ENABLE_OBJC_ARC" = "YES";"ENABLE_STRICT_OBJC_MSGSEND" = "YES";"DEBUG_INFORMATION_FORMAT" = "dwarf-with-dsym";"SWIFT_OPTIMIZATION_LEVEL" = "-Onone";"SWIFT_ACTIVE_COMPILATION_CONDITIONS" = "DEBUG $(inherited)";"ENABLE_TESTABILITY" = "YES";};};
0B0C687DF8B6B8DC790B519C = {isa = XCBuildConfiguration; name = Release; buildSettings = {"CLANG_ENABLE_MODULES" = "YES";"CLANG_ENABLE_OBJC_ARC" = "YES";"ENABLE_STRICT_OBJC_MSGSEND" = "YES";"DEBUG_INFORMATION_FORMAT" = "dwarf-with-dsym";"SWIFT_OPTIMIZATION_LEVEL" = "-O";"SWIFT_ACTIVE_COMPILATION_CONDITIONS" = "$(inherited)";"ENABLE_TESTABILITY" = "NO";};};
76F8DEC3DFE0BDB465198890 = {isa = XCConfigurationList; buildConfigurations = (73EBF6644258C120893E685D, 0B0C687DF8B6B8DC790B519C,); defaultConfigurationIsVisible = 0; defaultConfigurationName = Release;};
244210E48437B6556980A702 = {isa = PBXProject; attributes = {BuildIndependentTargetsInParallel = YES; LastUpgradeCheck = 2660;}; buildConfigurationList = 76F8DEC3DFE0BDB465198890; compatibilityVersion = "Xcode 14.0"; developmentRegion = en; knownRegions = (en,Base); mainGroup = 0D6E4079E36703EBD37C0072; productRefGroup = 0A3E27B8CA818264D75C8D81; projectDirPath = ""; projectRoot = ""; targets = (23306CA6AF7864223920EA8A, 28C41055EB2BD23AC0B07D3B, A9EF0A9DC1D58769BED0E58B,); packageReferences = (9B5690D8FD6B1DDA523DA0DA,);};
}; rootObject = 244210E48437B6556980A702;}
